{
  "dependencies": {
    "mailparser": {
      "version": "0.5.1",
      "dependencies": {
        "mimelib": {
          "version": "0.2.19",
          "dependencies": {
            "addressparser": {
              "version": "0.3.2"
            }
          }
        },
        "encoding": {
          "version": "0.1.11",
          "dependencies": {
            "iconv-lite": {
              "version": "0.4.11"
            }
          }
        },
        "mime": {
          "version": "1.3.4"
        },
        "uue": {
          "version": "2.1.1",
          "dependencies": {
            "array.prototype.findindex": {
              "version": "1.0.0"
            },
            "extend": {
              "version": "3.0.0"
            }
          }
        }
      }
    }
  }
}
